<?xml version="1.0" encoding="utf-8"?>
<Project ToolsVersion="16.0" xmlns="http://schemas.microsoft.com/developer/msbuild/2003">
  <ItemGroup>
    <CustomBuild Include="C:\Users\user\Desktop\progs\FLA\dfa2re\CMakeFiles\77fe138be36db5907f799b4cafa096a7\generate.stamp.rule">
      <Filter>CMake Rules</Filter>
    </CustomBuild>
  </ItemGroup>
  <ItemGroup>
    <Filter Include="CMake Rules">
      <UniqueIdentifier>{AE0824C8-FA5C-3314-9F92-2D171AC6CCFD}</UniqueIdentifier>
    </Filter>
  </ItemGroup>
</Project>
