
Microsoft Visual Studio Solution File, Format Version 12.00
# Visual Studio Version 16
Project("{8BC9CEB8-8B4A-11D0-8D11-00A0C91BC942}") = "ALL_BUILD", "ALL_BUILD.vcxproj", "{8024BBFB-8591-3842-A40E-8E821B7BBD14}"
	ProjectSection(ProjectDependencies) = postProject
		{B8DB3BA5-8631-3C56-B643-072E3479BEB4} = {B8DB3BA5-8631-3C56-B643-072E3479BEB4}
		{05D3A884-ED78-3178-9C2E-66436F08CBD3} = {05D3A884-ED78-3178-9C2E-66436F08CBD3}
	EndProjectSection
EndProject
Project("{8BC9CEB8-8B4A-11D0-8D11-00A0C91BC942}") = "INSTALL", "INSTALL.vcxproj", "{70310AC4-5BC1-34A1-95FF-48548288FBF6}"
	ProjectSection(ProjectDependencies) = postProject
		{8024BBFB-8591-3842-A40E-8E821B7BBD14} = {8024BBFB-8591-3842-A40E-8E821B7BBD14}
		{B8DB3BA5-8631-3C56-B643-072E3479BEB4} = {B8DB3BA5-8631-3C56-B643-072E3479BEB4}
	EndProjectSection
EndProject
Project("{8BC9CEB8-8B4A-11D0-8D11-00A0C91BC942}") = "ZERO_CHECK", "ZERO_CHECK.vcxproj", "{B8DB3BA5-8631-3C56-B643-072E3479BEB4}"
	ProjectSection(ProjectDependencies) = postProject
	EndProjectSection
EndProject
Project("{8BC9CEB8-8B4A-11D0-8D11-00A0C91BC942}") = "re2dfa", "re2dfa.vcxproj", "{05D3A884-ED78-3178-9C2E-66436F08CBD3}"
	ProjectSection(ProjectDependencies) = postProject
		{B8DB3BA5-8631-3C56-B643-072E3479BEB4} = {B8DB3BA5-8631-3C56-B643-072E3479BEB4}
	EndProjectSection
EndProject
Global
	GlobalSection(SolutionConfigurationPlatforms) = preSolution
		Debug|x64 = Debug|x64
		Release|x64 = Release|x64
		MinSizeRel|x64 = MinSizeRel|x64
		RelWithDebInfo|x64 = RelWithDebInfo|x64
	EndGlobalSection
	GlobalSection(ProjectConfigurationPlatforms) = postSolution
		{8024BBFB-8591-3842-A40E-8E821B7BBD14}.Debug|x64.ActiveCfg = Debug|x64
		{8024BBFB-8591-3842-A40E-8E821B7BBD14}.Debug|x64.Build.0 = Debug|x64
		{8024BBFB-8591-3842-A40E-8E821B7BBD14}.Release|x64.ActiveCfg = Release|x64
		{8024BBFB-8591-3842-A40E-8E821B7BBD14}.Release|x64.Build.0 = Release|x64
		{8024BBFB-8591-3842-A40E-8E821B7BBD14}.MinSizeRel|x64.ActiveCfg = MinSizeRel|x64
		{8024BBFB-8591-3842-A40E-8E821B7BBD14}.MinSizeRel|x64.Build.0 = MinSizeRel|x64
		{8024BBFB-8591-3842-A40E-8E821B7BBD14}.RelWithDebInfo|x64.ActiveCfg = RelWithDebInfo|x64
		{8024BBFB-8591-3842-A40E-8E821B7BBD14}.RelWithDebInfo|x64.Build.0 = RelWithDebInfo|x64
		{70310AC4-5BC1-34A1-95FF-48548288FBF6}.Debug|x64.ActiveCfg = Debug|x64
		{70310AC4-5BC1-34A1-95FF-48548288FBF6}.Release|x64.ActiveCfg = Release|x64
		{70310AC4-5BC1-34A1-95FF-48548288FBF6}.MinSizeRel|x64.ActiveCfg = MinSizeRel|x64
		{70310AC4-5BC1-34A1-95FF-48548288FBF6}.RelWithDebInfo|x64.ActiveCfg = RelWithDebInfo|x64
		{B8DB3BA5-8631-3C56-B643-072E3479BEB4}.Debug|x64.ActiveCfg = Debug|x64
		{B8DB3BA5-8631-3C56-B643-072E3479BEB4}.Debug|x64.Build.0 = Debug|x64
		{B8DB3BA5-8631-3C56-B643-072E3479BEB4}.Release|x64.ActiveCfg = Release|x64
		{B8DB3BA5-8631-3C56-B643-072E3479BEB4}.Release|x64.Build.0 = Release|x64
		{B8DB3BA5-8631-3C56-B643-072E3479BEB4}.MinSizeRel|x64.ActiveCfg = MinSizeRel|x64
		{B8DB3BA5-8631-3C56-B643-072E3479BEB4}.MinSizeRel|x64.Build.0 = MinSizeRel|x64
		{B8DB3BA5-8631-3C56-B643-072E3479BEB4}.RelWithDebInfo|x64.ActiveCfg = RelWithDebInfo|x64
		{B8DB3BA5-8631-3C56-B643-072E3479BEB4}.RelWithDebInfo|x64.Build.0 = RelWithDebInfo|x64
		{05D3A884-ED78-3178-9C2E-66436F08CBD3}.Debug|x64.ActiveCfg = Debug|x64
		{05D3A884-ED78-3178-9C2E-66436F08CBD3}.Debug|x64.Build.0 = Debug|x64
		{05D3A884-ED78-3178-9C2E-66436F08CBD3}.Release|x64.ActiveCfg = Release|x64
		{05D3A884-ED78-3178-9C2E-66436F08CBD3}.Release|x64.Build.0 = Release|x64
		{05D3A884-ED78-3178-9C2E-66436F08CBD3}.MinSizeRel|x64.ActiveCfg = MinSizeRel|x64
		{05D3A884-ED78-3178-9C2E-66436F08CBD3}.MinSizeRel|x64.Build.0 = MinSizeRel|x64
		{05D3A884-ED78-3178-9C2E-66436F08CBD3}.RelWithDebInfo|x64.ActiveCfg = RelWithDebInfo|x64
		{05D3A884-ED78-3178-9C2E-66436F08CBD3}.RelWithDebInfo|x64.Build.0 = RelWithDebInfo|x64
	EndGlobalSection
	GlobalSection(ExtensibilityGlobals) = postSolution
		SolutionGuid = {26F87483-A5C6-39FC-AAC8-DA259BD0E63E}
	EndGlobalSection
	GlobalSection(ExtensibilityAddIns) = postSolution
	EndGlobalSection
EndGlobal
