<?xml version="1.0" encoding="utf-8"?>
<Project ToolsVersion="16.0" xmlns="http://schemas.microsoft.com/developer/msbuild/2003">
  <ItemGroup>
    <CustomBuild Include="C:\Users\user\Desktop\progs\FLA\re2dfa\CMakeFiles\e644165c33db0e88f0279781181973c2\INSTALL_force.rule">
      <Filter>CMake Rules</Filter>
    </CustomBuild>
  </ItemGroup>
  <ItemGroup>
    <Filter Include="CMake Rules">
      <UniqueIdentifier>{0DD8375E-F763-34DF-B4E4-F1ED520E9773}</UniqueIdentifier>
    </Filter>
  </ItemGroup>
</Project>
